// !$*UTF8*$!
{
	archiveVersion = 1;
	classes = {
	};
	objectVersion = 56;
	objects = {

/* Begin PBXBuildFile section */
		2DB4C5AB75D35E4ABB52D841 /* Pods_mainichi_shop.framework in Frameworks */ = {isa = PBXBuildFile; fileRef = 685DD35AB3352A3940ED7FAC /* Pods_mainichi_shop.framework */; };
		2E43248B2ACA8C3900843BC6 /* SignupController.swift in Sources */ = {isa = PBXBuildFile; fileRef = 2E43248A2ACA8C3900843BC6 /* SignupController.swift */; };
		2E43248D2ACAED5200843BC6 /* CategoryController.swift in Sources */ = {isa = PBXBuildFile; fileRef = 2E43248C2ACAED5200843BC6 /* CategoryController.swift */; };
		2E43248F2ACAED6900843BC6 /* SearchController.swift in Sources */ = {isa = PBXBuildFile; fileRef = 2E43248E2ACAED6900843BC6 /* SearchController.swift */; };
		2E4324912ACAEDC100843BC6 /* OrdersController.swift in Sources */ = {isa = PBXBuildFile; fileRef = 2E4324902ACAEDC100843BC6 /* OrdersController.swift */; };
		2E4324932ACAEDF100843BC6 /* SettingsController.swift in Sources */ = {isa = PBXBuildFile; fileRef = 2E4324922ACAEDF100843BC6 /* SettingsController.swift */; };
		2E4324952ACAF6F200843BC6 /* ProductsController.swift in Sources */ = {isa = PBXBuildFile; fileRef = 2E4324942ACAF6F100843BC6 /* ProductsController.swift */; };
		2E6116C32AC0668D0069A594 /* AppDelegate.swift in Sources */ = {isa = PBXBuildFile; fileRef = 2E6116C22AC0668D0069A594 /* AppDelegate.swift */; };
		2E6116C52AC0668D0069A594 /* SceneDelegate.swift in Sources */ = {isa = PBXBuildFile; fileRef = 2E6116C42AC0668D0069A594 /* SceneDelegate.swift */; };
		2E6116C72AC0668D0069A594 /* SplashController.swift in Sources */ = {isa = PBXBuildFile; fileRef = 2E6116C62AC0668D0069A594 /* SplashController.swift */; };
		2E6116CA2AC0668D0069A594 /* Main.storyboard in Resources */ = {isa = PBXBuildFile; fileRef = 2E6116C82AC0668D0069A594 /* Main.storyboard */; };
		2E6116CC2AC066900069A594 /* Assets.xcassets in Resources */ = {isa = PBXBuildFile; fileRef = 2E6116CB2AC066900069A594 /* Assets.xcassets */; };
		2E6116CF2AC066900069A594 /* LaunchScreen.storyboard in Resources */ = {isa = PBXBuildFile; fileRef = 2E6116CD2AC066900069A594 /* LaunchScreen.storyboard */; };
		2E6116D82AC1B42E0069A594 /* LoginController.swift in Sources */ = {isa = PBXBuildFile; fileRef = 2E6116D62AC1B42E0069A594 /* LoginController.swift */; };
		2E7D90A52AC7F76900B80B65 /* Constants.swift in Sources */ = {isa = PBXBuildFile; fileRef = 2E7D90A42AC7F76900B80B65 /* Constants.swift */; };
		2E7D90AF2AC954E200B80B65 /* UIViewExtension.swift in Sources */ = {isa = PBXBuildFile; fileRef = 2E7D90AE2AC954E200B80B65 /* UIViewExtension.swift */; };
/* End PBXBuildFile section */

/* Begin PBXFileReference section */
		0A72EAC74500004B823019FB /* Pods-mainichi-shop.debug.xcconfig */ = {isa = PBXFileReference; includeInIndex = 1; lastKnownFileType = text.xcconfig; name = "Pods-mainichi-shop.debug.xcconfig"; path = "Target Support Files/Pods-mainichi-shop/Pods-mainichi-shop.debug.xcconfig"; sourceTree = "<group>"; };
		2E43248A2ACA8C3900843BC6 /* SignupController.swift */ = {isa = PBXFileReference; lastKnownFileType = sourcecode.swift; path = SignupController.swift; sourceTree = "<group>"; };
		2E43248C2ACAED5200843BC6 /* CategoryController.swift */ = {isa = PBXFileReference; lastKnownFileType = sourcecode.swift; path = CategoryController.swift; sourceTree = "<group>"; };
		2E43248E2ACAED6900843BC6 /* SearchController.swift */ = {isa = PBXFileReference; lastKnownFileType = sourcecode.swift; path = SearchController.swift; sourceTree = "<group>"; };
		2E4324902ACAEDC100843BC6 /* OrdersController.swift */ = {isa = PBXFileReference; lastKnownFileType = sourcecode.swift; path = OrdersController.swift; sourceTree = "<group>"; };
		2E4324922ACAEDF100843BC6 /* SettingsController.swift */ = {isa = PBXFileReference; lastKnownFileType = sourcecode.swift; path = SettingsController.swift; sourceTree = "<group>"; };
		2E4324942ACAF6F100843BC6 /* ProductsController.swift */ = {isa = PBXFileReference; lastKnownFileType = sourcecode.swift; path = ProductsController.swift; sourceTree = "<group>"; };
		2E6116BF2AC0668D0069A594 /* mainichi-shop.app */ = {isa = PBXFileReference; explicitFileType = wrapper.application; includeInIndex = 0; path = "mainichi-shop.app"; sourceTree = BUILT_PRODUCTS_DIR; };
		2E6116C22AC0668D0069A594 /* AppDelegate.swift */ = {isa = PBXFileReference; lastKnownFileType = sourcecode.swift; path = AppDelegate.swift; sourceTree = "<group>"; };
		2E6116C42AC0668D0069A594 /* SceneDelegate.swift */ = {isa = PBXFileReference; lastKnownFileType = sourcecode.swift; path = SceneDelegate.swift; sourceTree = "<group>"; };
		2E6116C62AC0668D0069A594 /* SplashController.swift */ = {isa = PBXFileReference; lastKnownFileType = sourcecode.swift; path = SplashController.swift; sourceTree = "<group>"; };
		2E6116C92AC0668D0069A594 /* Base */ = {isa = PBXFileReference; lastKnownFileType = file.storyboard; name = Base; path = Base.lproj/Main.storyboard; sourceTree = "<group>"; };
		2E6116CB2AC066900069A594 /* Assets.xcassets */ = {isa = PBXFileReference; lastKnownFileType = folder.assetcatalog; path = Assets.xcassets; sourceTree = "<group>"; };
		2E6116CE2AC066900069A594 /* Base */ = {isa = PBXFileReference; lastKnownFileType = file.storyboard; name = Base; path = Base.lproj/LaunchScreen.storyboard; sourceTree = "<group>"; };
		2E6116D02AC066900069A594 /* Info.plist */ = {isa = PBXFileReference; lastKnownFileType = text.plist.xml; path = Info.plist; sourceTree = "<group>"; };
		2E6116D62AC1B42E0069A594 /* LoginController.swift */ = {isa = PBXFileReference; lastKnownFileType = sourcecode.swift; path = LoginController.swift; sourceTree = "<group>"; };
		2E7D90A42AC7F76900B80B65 /* Constants.swift */ = {isa = PBXFileReference; lastKnownFileType = sourcecode.swift; path = Constants.swift; sourceTree = "<group>"; };
		2E7D90AE2AC954E200B80B65 /* UIViewExtension.swift */ = {isa = PBXFileReference; lastKnownFileType = sourcecode.swift; path = UIViewExtension.swift; sourceTree = "<group>"; };
		685DD35AB3352A3940ED7FAC /* Pods_mainichi_shop.framework */ = {isa = PBXFileReference; explicitFileType = wrapper.framework; includeInIndex = 0; path = Pods_mainichi_shop.framework; sourceTree = BUILT_PRODUCTS_DIR; };
		D902813020CB60452EF1D568 /* Pods-mainichi-shop.release.xcconfig */ = {isa = PBXFileReference; includeInIndex = 1; lastKnownFileType = text.xcconfig; name = "Pods-mainichi-shop.release.xcconfig"; path = "Target Support Files/Pods-mainichi-shop/Pods-mainichi-shop.release.xcconfig"; sourceTree = "<group>"; };
/* End PBXFileReference section */

/* Begin PBXFrameworksBuildPhase section */
		2E6116BC2AC0668D0069A594 /* Frameworks */ = {
			isa = PBXFrameworksBuildPhase;
			buildActionMask = 2147483647;
			files = (
				2DB4C5AB75D35E4ABB52D841 /* Pods_mainichi_shop.framework in Frameworks */,
			);
			runOnlyForDeploymentPostprocessing = 0;
		};
/* End PBXFrameworksBuildPhase section */

/* Begin PBXGroup section */
		2E6116B62AC0668C0069A594 = {
			isa = PBXGroup;
			children = (
				2E6116C12AC0668D0069A594 /* mainichi-shop */,
				2E6116C02AC0668D0069A594 /* Products */,
				385A4588DF30BC423542667F /* Pods */,
				9154EF2BF4E7DFFCFAFF9C08 /* Frameworks */,
			);
			sourceTree = "<group>";
		};
		2E6116C02AC0668D0069A594 /* Products */ = {
			isa = PBXGroup;
			children = (
				2E6116BF2AC0668D0069A594 /* mainichi-shop.app */,
			);
			name = Products;
			sourceTree = "<group>";
		};
		2E6116C12AC0668D0069A594 /* mainichi-shop */ = {
			isa = PBXGroup;
			children = (
				2E7D90AD2AC954B800B80B65 /* Extensions */,
				2E7D90AC2AC81A7A00B80B65 /* ViewModels */,
				2E7D90AB2AC81A6F00B80B65 /* Services */,
				2E7D90AA2AC81A4500B80B65 /* CustomViews */,
				2E7D90A92AC81A3000B80B65 /* Utils */,
				2E7D90A82AC819F800B80B65 /* Storyboards */,
				2E7D90A72AC819B700B80B65 /* ViewControllers */,
				2E7D90A62AC8196C00B80B65 /* AppDelegate */,
				2E6116CB2AC066900069A594 /* Assets.xcassets */,
				2E6116D02AC066900069A594 /* Info.plist */,
			);
			path = "mainichi-shop";
			sourceTree = "<group>";
		};
		2E7D90A62AC8196C00B80B65 /* AppDelegate */ = {
			isa = PBXGroup;
			children = (
				2E6116C22AC0668D0069A594 /* AppDelegate.swift */,
				2E6116C42AC0668D0069A594 /* SceneDelegate.swift */,
			);
			path = AppDelegate;
			sourceTree = "<group>";
		};
		2E7D90A72AC819B700B80B65 /* ViewControllers */ = {
			isa = PBXGroup;
			children = (
				2E6116C62AC0668D0069A594 /* SplashController.swift */,
				2E6116D62AC1B42E0069A594 /* LoginController.swift */,
				2E43248A2ACA8C3900843BC6 /* SignupController.swift */,
				2E43248C2ACAED5200843BC6 /* CategoryController.swift */,
				2E43248E2ACAED6900843BC6 /* SearchController.swift */,
				2E4324902ACAEDC100843BC6 /* OrdersController.swift */,
				2E4324922ACAEDF100843BC6 /* SettingsController.swift */,
				2E4324942ACAF6F100843BC6 /* ProductsController.swift */,
			);
			path = ViewControllers;
			sourceTree = "<group>";
		};
		2E7D90A82AC819F800B80B65 /* Storyboards */ = {
			isa = PBXGroup;
			children = (
				2E6116C82AC0668D0069A594 /* Main.storyboard */,
				2E6116CD2AC066900069A594 /* LaunchScreen.storyboard */,
			);
			path = Storyboards;
			sourceTree = "<group>";
		};
		2E7D90A92AC81A3000B80B65 /* Utils */ = {
			isa = PBXGroup;
			children = (
				2E7D90A42AC7F76900B80B65 /* Constants.swift */,
			);
			path = Utils;
			sourceTree = "<group>";
		};
		2E7D90AA2AC81A4500B80B65 /* CustomViews */ = {
			isa = PBXGroup;
			children = (
			);
			path = CustomViews;
			sourceTree = "<group>";
		};
		2E7D90AB2AC81A6F00B80B65 /* Services */ = {
			isa = PBXGroup;
			children = (
			);
			path = Services;
			sourceTree = "<group>";
		};
		2E7D90AC2AC81A7A00B80B65 /* ViewModels */ = {
			isa = PBXGroup;
			children = (
			);
			path = ViewModels;
			sourceTree = "<group>";
		};
		2E7D90AD2AC954B800B80B65 /* Extensions */ = {
			isa = PBXGroup;
			children = (
				2E7D90AE2AC954E200B80B65 /* UIViewExtension.swift */,
			);
			path = Extensions;
			sourceTree = "<group>";
		};
		385A4588DF30BC423542667F /* Pods */ = {
			isa = PBXGroup;
			children = (
				0A72EAC74500004B823019FB /* Pods-mainichi-shop.debug.xcconfig */,
				D902813020CB60452EF1D568 /* Pods-mainichi-shop.release.xcconfig */,
			);
			path = Pods;
			sourceTree = "<group>";
		};
		9154EF2BF4E7DFFCFAFF9C08 /* Frameworks */ = {
			isa = PBXGroup;
			children = (
				685DD35AB3352A3940ED7FAC /* Pods_mainichi_shop.framework */,
			);
			name = Frameworks;
			sourceTree = "<group>";
		};
/* End PBXGroup section */

/* Begin PBXNativeTarget section */
		2E6116BE2AC0668D0069A594 /* mainichi-shop */ = {
			isa = PBXNativeTarget;
			buildConfigurationList = 2E6116D32AC066900069A594 /* Build configuration list for PBXNativeTarget "mainichi-shop" */;
			buildPhases = (
				3A2E468300794795D9A4559D /* [CP] Check Pods Manifest.lock */,
				2E6116BB2AC0668D0069A594 /* Sources */,
				2E6116BC2AC0668D0069A594 /* Frameworks */,
				2E6116BD2AC0668D0069A594 /* Resources */,
				6571716D13B3B56F1EE8AC3C /* [CP] Embed Pods Frameworks */,
			);
			buildRules = (
			);
			dependencies = (
			);
			name = "mainichi-shop";
			productName = "mainichi-shop";
			productReference = 2E6116BF2AC0668D0069A594 /* mainichi-shop.app */;
			productType = "com.apple.product-type.application";
		};
/* End PBXNativeTarget section */

/* Begin PBXProject section */
		2E6116B72AC0668C0069A594 /* Project object */ = {
			isa = PBXProject;
			attributes = {
				BuildIndependentTargetsInParallel = 1;
				LastSwiftUpdateCheck = 1430;
				LastUpgradeCheck = 1430;
				TargetAttributes = {
					2E6116BE2AC0668D0069A594 = {
						CreatedOnToolsVersion = 14.3.1;
					};
				};
			};
			buildConfigurationList = 2E6116BA2AC0668D0069A594 /* Build configuration list for PBXProject "mainichi-shop" */;
			compatibilityVersion = "Xcode 14.0";
			developmentRegion = en;
			hasScannedForEncodings = 0;
			knownRegions = (
				en,
				Base,
			);
			mainGroup = 2E6116B62AC0668C0069A594;
			productRefGroup = 2E6116C02AC0668D0069A594 /* Products */;
			projectDirPath = "";
			projectRoot = "";
			targets = (
				2E6116BE2AC0668D0069A594 /* mainichi-shop */,
			);
		};
/* End PBXProject section */

/* Begin PBXResourcesBuildPhase section */
		2E6116BD2AC0668D0069A594 /* Resources */ = {
			isa = PBXResourcesBuildPhase;
			buildActionMask = 2147483647;
			files = (
				2E6116CF2AC066900069A594 /* LaunchScreen.storyboard in Resources */,
				2E6116CC2AC066900069A594 /* Assets.xcassets in Resources */,
				2E6116CA2AC0668D0069A594 /* Main.storyboard in Resources */,
			);
			runOnlyForDeploymentPostprocessing = 0;
		};
/* End PBXResourcesBuildPhase section */

/* Begin PBXShellScriptBuildPhase section */
		3A2E468300794795D9A4559D /* [CP] Check Pods Manifest.lock */ = {
			isa = PBXShellScriptBuildPhase;
			buildActionMask = 2147483647;
			files = (
			);
			inputFileListPaths = (
			);
			inputPaths = (
				"${PODS_PODFILE_DIR_PATH}/Podfile.lock",
				"${PODS_ROOT}/Manifest.lock",
			);
			name = "[CP] Check Pods Manifest.lock";
			outputFileListPaths = (
			);
			outputPaths = (
				"$(DERIVED_FILE_DIR)/Pods-mainichi-shop-checkManifestLockResult.txt",
			);
			runOnlyForDeploymentPostprocessing = 0;
			shellPath = /bin/sh;
			shellScript = "diff \"${PODS_PODFILE_DIR_PATH}/Podfile.lock\" \"${PODS_ROOT}/Manifest.lock\" > /dev/null\nif [ $? != 0 ] ; then\n    # print error to STDERR\n    echo \"error: The sandbox is not in sync with the Podfile.lock. Run 'pod install' or update your CocoaPods installation.\" >&2\n    exit 1\nfi\n# This output is used by Xcode 'outputs' to avoid re-running this script phase.\necho \"SUCCESS\" > \"${SCRIPT_OUTPUT_FILE_0}\"\n";
			showEnvVarsInLog = 0;
		};
		6571716D13B3B56F1EE8AC3C /* [CP] Embed Pods Frameworks */ = {
			isa = PBXShellScriptBuildPhase;
			buildActionMask = 2147483647;
			files = (
			);
			inputFileListPaths = (
				"${PODS_ROOT}/Target Support Files/Pods-mainichi-shop/Pods-mainichi-shop-frameworks-${CONFIGURATION}-input-files.xcfilelist",
			);
			name = "[CP] Embed Pods Frameworks";
			outputFileListPaths = (
				"${PODS_ROOT}/Target Support Files/Pods-mainichi-shop/Pods-mainichi-shop-frameworks-${CONFIGURATION}-output-files.xcfilelist",
			);
			runOnlyForDeploymentPostprocessing = 0;
			shellPath = /bin/sh;
			shellScript = "\"${PODS_ROOT}/Target Support Files/Pods-mainichi-shop/Pods-mainichi-shop-frameworks.sh\"\n";
			showEnvVarsInLog = 0;
		};
/* End PBXShellScriptBuildPhase section */

/* Begin PBXSourcesBuildPhase section */
		2E6116BB2AC0668D0069A594 /* Sources */ = {
			isa = PBXSourcesBuildPhase;
			buildActionMask = 2147483647;
			files = (
				2E4324912ACAEDC100843BC6 /* OrdersController.swift in Sources */,
				2E7D90AF2AC954E200B80B65 /* UIViewExtension.swift in Sources */,
				2E7D90A52AC7F76900B80B65 /* Constants.swift in Sources */,
				2E43248B2ACA8C3900843BC6 /* SignupController.swift in Sources */,
				2E6116C72AC0668D0069A594 /* SplashController.swift in Sources */,
				2E4324932ACAEDF100843BC6 /* SettingsController.swift in Sources */,
				2E6116D82AC1B42E0069A594 /* LoginController.swift in Sources */,
				2E43248D2ACAED5200843BC6 /* CategoryController.swift in Sources */,
				2E6116C32AC0668D0069A594 /* AppDelegate.swift in Sources */,
				2E43248F2ACAED6900843BC6 /* SearchController.swift in Sources */,
				2E6116C52AC0668D0069A594 /* SceneDelegate.swift in Sources */,
				2E4324952ACAF6F200843BC6 /* ProductsController.swift in Sources */,
			);
			runOnlyForDeploymentPostprocessing = 0;
		};
/* End PBXSourcesBuildPhase section */

/* Begin PBXVariantGroup section */
		2E6116C82AC0668D0069A594 /* Main.storyboard */ = {
			isa = PBXVariantGroup;
			children = (
				2E6116C92AC0668D0069A594 /* Base */,
			);
			name = Main.storyboard;
			sourceTree = "<group>";
		};
		2E6116CD2AC066900069A594 /* LaunchScreen.storyboard */ = {
			isa = PBXVariantGroup;
			children = (
				2E6116CE2AC066900069A594 /* Base */,
			);
			name = LaunchScreen.storyboard;
			sourceTree = "<group>";
		};
/* End PBXVariantGroup section */

/* Begin XCBuildConfiguration section */
		2E6116D12AC066900069A594 /* Debug */ = {
			isa = XCBuildConfiguration;
			buildSettings = {
				ALWAYS_SEARCH_USER_PATHS = NO;
				CLANG_ANALYZER_NONNULL = YES;
				CLANG_ANALYZER_NUMBER_OBJECT_CONVERSION = YES_AGGRESSIVE;
				CLANG_CXX_LANGUAGE_STANDARD = "gnu++20";
				CLANG_ENABLE_MODULES = YES;
				CLANG_ENABLE_OBJC_ARC = YES;
				CLANG_ENABLE_OBJC_WEAK = YES;
				CLANG_WARN_BLOCK_CAPTURE_AUTORELEASING = YES;
				CLANG_WARN_BOOL_CONVERSION = YES;
				CLANG_WARN_COMMA = YES;
				CLANG_WARN_CONSTANT_CONVERSION = YES;
				CLANG_WARN_DEPRECATED_OBJC_IMPLEMENTATIONS = YES;
				CLANG_WARN_DIRECT_OBJC_ISA_USAGE = YES_ERROR;
				CLANG_WARN_DOCUMENTATION_COMMENTS = YES;
				CLANG_WARN_EMPTY_BODY = YES;
				CLANG_WARN_ENUM_CONVERSION = YES;
				CLANG_WARN_INFINITE_RECURSION = YES;
				CLANG_WARN_INT_CONVERSION = YES;
				CLANG_WARN_NON_LITERAL_NULL_CONVERSION = YES;
				CLANG_WARN_OBJC_IMPLICIT_RETAIN_SELF = YES;
				CLANG_WARN_OBJC_LITERAL_CONVERSION = YES;
				CLANG_WARN_OBJC_ROOT_CLASS = YES_ERROR;
				CLANG_WARN_QUOTED_INCLUDE_IN_FRAMEWORK_HEADER = YES;
				CLANG_WARN_RANGE_LOOP_ANALYSIS = YES;
				CLANG_WARN_STRICT_PROTOTYPES = YES;
				CLANG_WARN_SUSPICIOUS_MOVE = YES;
				CLANG_WARN_UNGUARDED_AVAILABILITY = YES_AGGRESSIVE;
				CLANG_WARN_UNREACHABLE_CODE = YES;
				CLANG_WARN__DUPLICATE_METHOD_MATCH = YES;
				COPY_PHASE_STRIP = NO;
				DEBUG_INFORMATION_FORMAT = dwarf;
				ENABLE_STRICT_OBJC_MSGSEND = YES;
				ENABLE_TESTABILITY = YES;
				GCC_C_LANGUAGE_STANDARD = gnu11;
				GCC_DYNAMIC_NO_PIC = NO;
				GCC_NO_COMMON_BLOCKS = YES;
				GCC_OPTIMIZATION_LEVEL = 0;
				GCC_PREPROCESSOR_DEFINITIONS = (
					"DEBUG=1",
					"$(inherited)",
				);
				GCC_WARN_64_TO_32_BIT_CONVERSION = YES;
				GCC_WARN_ABOUT_RETURN_TYPE = YES_ERROR;
				GCC_WARN_UNDECLARED_SELECTOR = YES;
				GCC_WARN_UNINITIALIZED_AUTOS = YES_AGGRESSIVE;
				GCC_WARN_UNUSED_FUNCTION = YES;
				GCC_WARN_UNUSED_VARIABLE = YES;
				IPHONEOS_DEPLOYMENT_TARGET = 16.4;
				MTL_ENABLE_DEBUG_INFO = INCLUDE_SOURCE;
				MTL_FAST_MATH = YES;
				ONLY_ACTIVE_ARCH = YES;
				SDKROOT = iphoneos;
				SWIFT_ACTIVE_COMPILATION_CONDITIONS = DEBUG;
				SWIFT_OPTIMIZATION_LEVEL = "-Onone";
			};
			name = Debug;
		};
		2E6116D22AC066900069A594 /* Release */ = {
			isa = XCBuildConfiguration;
			buildSettings = {
				ALWAYS_SEARCH_USER_PATHS = NO;
				CLANG_ANALYZER_NONNULL = YES;
				CLANG_ANALYZER_NUMBER_OBJECT_CONVERSION = YES_AGGRESSIVE;
				CLANG_CXX_LANGUAGE_STANDARD = "gnu++20";
				CLANG_ENABLE_MODULES = YES;
				CLANG_ENABLE_OBJC_ARC = YES;
				CLANG_ENABLE_OBJC_WEAK = YES;
				CLANG_WARN_BLOCK_CAPTURE_AUTORELEASING = YES;
				CLANG_WARN_BOOL_CONVERSION = YES;
				CLANG_WARN_COMMA = YES;
				CLANG_WARN_CONSTANT_CONVERSION = YES;
				CLANG_WARN_DEPRECATED_OBJC_IMPLEMENTATIONS = YES;
				CLANG_WARN_DIRECT_OBJC_ISA_USAGE = YES_ERROR;
				CLANG_WARN_DOCUMENTATION_COMMENTS = YES;
				CLANG_WARN_EMPTY_BODY = YES;
				CLANG_WARN_ENUM_CONVERSION = YES;
				CLANG_WARN_INFINITE_RECURSION = YES;
				CLANG_WARN_INT_CONVERSION = YES;
				CLANG_WARN_NON_LITERAL_NULL_CONVERSION = YES;
				CLANG_WARN_OBJC_IMPLICIT_RETAIN_SELF = YES;
				CLANG_WARN_OBJC_LITERAL_CONVERSION = YES;
				CLANG_WARN_OBJC_ROOT_CLASS = YES_ERROR;
				CLANG_WARN_QUOTED_INCLUDE_IN_FRAMEWORK_HEADER = YES;
				CLANG_WARN_RANGE_LOOP_ANALYSIS = YES;
				CLANG_WARN_STRICT_PROTOTYPES = YES;
				CLANG_WARN_SUSPICIOUS_MOVE = YES;
				CLANG_WARN_UNGUARDED_AVAILABILITY = YES_AGGRESSIVE;
				CLANG_WARN_UNREACHABLE_CODE = YES;
				CLANG_WARN__DUPLICATE_METHOD_MATCH = YES;
				COPY_PHASE_STRIP = NO;
				DEBUG_INFORMATION_FORMAT = "dwarf-with-dsym";
				ENABLE_NS_ASSERTIONS = NO;
				ENABLE_STRICT_OBJC_MSGSEND = YES;
				GCC_C_LANGUAGE_STANDARD = gnu11;
				GCC_NO_COMMON_BLOCKS = YES;
				GCC_WARN_64_TO_32_BIT_CONVERSION = YES;
				GCC_WARN_ABOUT_RETURN_TYPE = YES_ERROR;
				GCC_WARN_UNDECLARED_SELECTOR = YES;
				GCC_WARN_UNINITIALIZED_AUTOS = YES_AGGRESSIVE;
				GCC_WARN_UNUSED_FUNCTION = YES;
				GCC_WARN_UNUSED_VARIABLE = YES;
				IPHONEOS_DEPLOYMENT_TARGET = 16.4;
				MTL_ENABLE_DEBUG_INFO = NO;
				MTL_FAST_MATH = YES;
				SDKROOT = iphoneos;
				SWIFT_COMPILATION_MODE = wholemodule;
				SWIFT_OPTIMIZATION_LEVEL = "-O";
				VALIDATE_PRODUCT = YES;
			};
			name = Release;
		};
		2E6116D42AC066900069A594 /* Debug */ = {
			isa = XCBuildConfiguration;
			baseConfigurationReference = 0A72EAC74500004B823019FB /* Pods-mainichi-shop.debug.xcconfig */;
			buildSettings = {
				ASSETCATALOG_COMPILER_APPICON_NAME = AppIcon;
				ASSETCATALOG_COMPILER_GLOBAL_ACCENT_COLOR_NAME = AccentColor;
				CODE_SIGN_STYLE = Automatic;
				CURRENT_PROJECT_VERSION = 1;
				GENERATE_INFOPLIST_FILE = YES;
				INFOPLIST_FILE = "mainichi-shop/Info.plist";
				INFOPLIST_KEY_UIApplicationSupportsIndirectInputEvents = YES;
				INFOPLIST_KEY_UILaunchStoryboardName = LaunchScreen.storyboard;
				INFOPLIST_KEY_UIMainStoryboardFile = Main;
				INFOPLIST_KEY_UISupportedInterfaceOrientations_iPad = "UIInterfaceOrientationPortrait UIInterfaceOrientationPortraitUpsideDown UIInterfaceOrientationLandscapeLeft UIInterfaceOrientationLandscapeRight";
				INFOPLIST_KEY_UISupportedInterfaceOrientations_iPhone = "UIInterfaceOrientationPortrait UIInterfaceOrientationLandscapeLeft UIInterfaceOrientationLandscapeRight";
				LD_RUNPATH_SEARCH_PATHS = (
					"$(inherited)",
					"@executable_path/Frameworks",
				);
				MARKETING_VERSION = 1.0;
				PRODUCT_BUNDLE_IDENTIFIER = "nayemuzzaman.mainichi-shop";
				PRODUCT_NAME = "$(TARGET_NAME)";
				SWIFT_EMIT_LOC_STRINGS = YES;
				SWIFT_VERSION = 5.0;
				TARGETED_DEVICE_FAMILY = "1,2";
			};
			name = Debug;
		};
		2E6116D52AC066900069A594 /* Release */ = {
			isa = XCBuildConfiguration;
			baseConfigurationReference = D902813020CB60452EF1D568 /* Pods-mainichi-shop.release.xcconfig */;
			buildSettings = {
				ASSETCATALOG_COMPILER_APPICON_NAME = AppIcon;
				ASSETCATALOG_COMPILER_GLOBAL_ACCENT_COLOR_NAME = AccentColor;
				CODE_SIGN_STYLE = Automatic;
				CURRENT_PROJECT_VERSION = 1;
				GENERATE_INFOPLIST_FILE = YES;
				INFOPLIST_FILE = "mainichi-shop/Info.plist";
				INFOPLIST_KEY_UIApplicationSupportsIndirectInputEvents = YES;
				INFOPLIST_KEY_UILaunchStoryboardName = LaunchScreen.storyboard;
				INFOPLIST_KEY_UIMainStoryboardFile = Main;
				INFOPLIST_KEY_UISupportedInterfaceOrientations_iPad = "UIInterfaceOrientationPortrait UIInterfaceOrientationPortraitUpsideDown UIInterfaceOrientationLandscapeLeft UIInterfaceOrientationLandscapeRight";
				INFOPLIST_KEY_UISupportedInterfaceOrientations_iPhone = "UIInterfaceOrientationPortrait UIInterfaceOrientationLandscapeLeft UIInterfaceOrientationLandscapeRight";
				LD_RUNPATH_SEARCH_PATHS = (
					"$(inherited)",
					"@executable_path/Frameworks",
				);
				MARKETING_VERSION = 1.0;
				PRODUCT_BUNDLE_IDENTIFIER = "nayemuzzaman.mainichi-shop";
				PRODUCT_NAME = "$(TARGET_NAME)";
				SWIFT_EMIT_LOC_STRINGS = YES;
				SWIFT_VERSION = 5.0;
				TARGETED_DEVICE_FAMILY = "1,2";
			};
			name = Release;
		};
/* End XCBuildConfiguration section */

/* Begin XCConfigurationList section */
		2E6116BA2AC0668D0069A594 /* Build configuration list for PBXProject "mainichi-shop" */ = {
			isa = XCConfigurationList;
			buildConfigurations = (
				2E6116D12AC066900069A594 /* Debug */,
				2E6116D22AC066900069A594 /* Release */,
			);
			defaultConfigurationIsVisible = 0;
			defaultConfigurationName = Release;
		};
		2E6116D32AC066900069A594 /* Build configuration list for PBXNativeTarget "mainichi-shop" */ = {
			isa = XCConfigurationList;
			buildConfigurations = (
				2E6116D42AC066900069A594 /* Debug */,
				2E6116D52AC066900069A594 /* Release */,
			);
			defaultConfigurationIsVisible = 0;
			defaultConfigurationName = Release;
		};
/* End XCConfigurationList section */
	};
	rootObject = 2E6116B72AC0668C0069A594 /* Project object */;
}
